
Microsoft Visual Studio Solution File, Format Version 12.00
# Visual Studio Version 17
VisualStudioVersion = 17.12.35707.178 d17.12
MinimumVisualStudioVersion = 10.0.40219.1
Project("{8BC9CEB8-8B4A-11D0-8D11-00A0C91BC942}") = "upr1", "upr1\upr1.vcxproj", "{02780EE0-407B-417A-B465-F91D4E510B3C}"
EndProject
Project("{8BC9CEB8-8B4A-11D0-8D11-00A0C91BC942}") = "upr2", "upr2\upr2.vcxproj", "{B985D2D4-DCD0-4D74-B914-63660F97F65B}"
EndProject
Project("{8BC9CEB8-8B4A-11D0-8D11-00A0C91BC942}") = "upr3", "upr3\upr3.vcxproj", "{FA641C98-69A1-47C2-B2C2-013B499F07BE}"
EndProject
Global
	GlobalSection(SolutionConfigurationPlatforms) = preSolution
		Debug|x64 = Debug|x64
		Debug|x86 = Debug|x86
		Release|x64 = Release|x64
		Release|x86 = Release|x86
	EndGlobalSection
	GlobalSection(ProjectConfigurationPlatforms) = postSolution
		{02780EE0-407B-417A-B465-F91D4E510B3C}.Debug|x64.ActiveCfg = Debug|x64
		{02780EE0-407B-417A-B465-F91D4E510B3C}.Debug|x64.Build.0 = Debug|x64
		{02780EE0-407B-417A-B465-F91D4E510B3C}.Debug|x86.ActiveCfg = Debug|Win32
		{02780EE0-407B-417A-B465-F91D4E510B3C}.Debug|x86.Build.0 = Debug|Win32
		{02780EE0-407B-417A-B465-F91D4E510B3C}.Release|x64.ActiveCfg = Release|x64
		{02780EE0-407B-417A-B465-F91D4E510B3C}.Release|x64.Build.0 = Release|x64
		{02780EE0-407B-417A-B465-F91D4E510B3C}.Release|x86.ActiveCfg = Release|Win32
		{02780EE0-407B-417A-B465-F91D4E510B3C}.Release|x86.Build.0 = Release|Win32
		{B985D2D4-DCD0-4D74-B914-63660F97F65B}.Debug|x64.ActiveCfg = Debug|x64
		{B985D2D4-DCD0-4D74-B914-63660F97F65B}.Debug|x64.Build.0 = Debug|x64
		{B985D2D4-DCD0-4D74-B914-63660F97F65B}.Debug|x86.ActiveCfg = Debug|Win32
		{B985D2D4-DCD0-4D74-B914-63660F97F65B}.Debug|x86.Build.0 = Debug|Win32
		{B985D2D4-DCD0-4D74-B914-63660F97F65B}.Release|x64.ActiveCfg = Release|x64
		{B985D2D4-DCD0-4D74-B914-63660F97F65B}.Release|x64.Build.0 = Release|x64
		{B985D2D4-DCD0-4D74-B914-63660F97F65B}.Release|x86.ActiveCfg = Release|Win32
		{B985D2D4-DCD0-4D74-B914-63660F97F65B}.Release|x86.Build.0 = Release|Win32
		{FA641C98-69A1-47C2-B2C2-013B499F07BE}.Debug|x64.ActiveCfg = Debug|x64
		{FA641C98-69A1-47C2-B2C2-013B499F07BE}.Debug|x64.Build.0 = Debug|x64
		{FA641C98-69A1-47C2-B2C2-013B499F07BE}.Debug|x86.ActiveCfg = Debug|Win32
		{FA641C98-69A1-47C2-B2C2-013B499F07BE}.Debug|x86.Build.0 = Debug|Win32
		{FA641C98-69A1-47C2-B2C2-013B499F07BE}.Release|x64.ActiveCfg = Release|x64
		{FA641C98-69A1-47C2-B2C2-013B499F07BE}.Release|x64.Build.0 = Release|x64
		{FA641C98-69A1-47C2-B2C2-013B499F07BE}.Release|x86.ActiveCfg = Release|Win32
		{FA641C98-69A1-47C2-B2C2-013B499F07BE}.Release|x86.Build.0 = Release|Win32
	EndGlobalSection
	GlobalSection(SolutionProperties) = preSolution
		HideSolutionNode = FALSE
	EndGlobalSection
EndGlobal
